
Microsoft Visual Studio Solution File, Format Version 12.00
# Visual Studio Version 17
VisualStudioVersion = 17.5.002.0
MinimumVisualStudioVersion = 10.0.40219.1
Project("{9A19103F-16F7-4668-BE54-9A1E7A4F7556}") = "Sokoban", "Sokoban.csproj", "{FF5EDC69-D367-4BAA-B199-6F650F4D8A97}"
EndProject
Global
	GlobalSection(SolutionConfigurationPlatforms) = preSolution
		Debug|Any CPU = Debug|Any CPU
		Release|Any CPU = Release|Any CPU
	EndGlobalSection
	GlobalSection(ProjectConfigurationPlatforms) = postSolution
		{FF5EDC69-D367-4BAA-B199-6F650F4D8A97}.Debug|Any CPU.ActiveCfg = Debug|Any CPU
		{FF5EDC69-D367-4BAA-B199-6F650F4D8A97}.Debug|Any CPU.Build.0 = Debug|Any CPU
		{FF5EDC69-D367-4BAA-B199-6F650F4D8A97}.Release|Any CPU.ActiveCfg = Release|Any CPU
		{FF5EDC69-D367-4BAA-B199-6F650F4D8A97}.Release|Any CPU.Build.0 = Release|Any CPU
	EndGlobalSection
	GlobalSection(SolutionProperties) = preSolution
		HideSolutionNode = FALSE
	EndGlobalSection
	GlobalSection(ExtensibilityGlobals) = postSolution
		SolutionGuid = {BF405405-ADC4-499A-88A6-8FF77516E2CF}
	EndGlobalSection
EndGlobal
